{
  "name": "GigaChallenge",
  "lockfileVersion": 3,
  "requires": true,
  "packages": {
    "": {
      "dependencies": {
        "dotparser": "^1.1.1"
      }
    },
    "node_modules/dotparser": {
      "version": "1.1.1",
      "resolved": "https://registry.npmjs.org/dotparser/-/dotparser-1.1.1.tgz",
      "integrity": "sha512-8ojhUts0HbLnXJgjTiJOddwVVBUk6hg4SJ5kGiuhzgK/f+y79TiWvICwx1oCWlVbBC8YI3nEaIQg9fjGYbGBXw=="
    }
  }
}
